// !$*UTF8*$!
{
	archiveVersion = 1;
	classes = {
	};
	objectVersion = 51;
	objects = {

/* Begin PBXBuildFile section */
		2E67EC16859FB78AF5413D5D /* Pods_TheMovieDbApp.framework in Frameworks */ = {isa = PBXBuildFile; fileRef = CE978DB5234398622CDE6C1D /* Pods_TheMovieDbApp.framework */; };
		4240366C248EAAB700F77608 /* MovieDetailsViewController.swift in Sources */ = {isa = PBXBuildFile; fileRef = 4240366B248EAAB700F77608 /* MovieDetailsViewController.swift */; };
		4240366E248EAACB00F77608 /* MovieDetailsInteractor.swift in Sources */ = {isa = PBXBuildFile; fileRef = 4240366D248EAACB00F77608 /* MovieDetailsInteractor.swift */; };
		42403670248EAADD00F77608 /* MovieDetailsPresenter.swift in Sources */ = {isa = PBXBuildFile; fileRef = 4240366F248EAADD00F77608 /* MovieDetailsPresenter.swift */; };
		42403675248EAB7700F77608 /* MovieDetailsmodels.swift in Sources */ = {isa = PBXBuildFile; fileRef = 42403674248EAB7700F77608 /* MovieDetailsmodels.swift */; };
		42403677248EAC8200F77608 /* MovieDetailsView.swift in Sources */ = {isa = PBXBuildFile; fileRef = 42403676248EAC8200F77608 /* MovieDetailsView.swift */; };
		424A319E2489911900504A30 /* APIError.swift in Sources */ = {isa = PBXBuildFile; fileRef = 424A319D2489911900504A30 /* APIError.swift */; };
		425663DE248813B4005776F4 /* MoviesListSearchProtocol.swift in Sources */ = {isa = PBXBuildFile; fileRef = 425663DD248813B4005776F4 /* MoviesListSearchProtocol.swift */; };
		425663E924885BB0005776F4 /* MovieDBResult.swift in Sources */ = {isa = PBXBuildFile; fileRef = 425663E824885BB0005776F4 /* MovieDBResult.swift */; };
		425663EA24885BB0005776F4 /* MovieDBResult.swift in Sources */ = {isa = PBXBuildFile; fileRef = 425663E824885BB0005776F4 /* MovieDBResult.swift */; };
		425663EF24885BFB005776F4 /* APIClient.swift in Sources */ = {isa = PBXBuildFile; fileRef = 425663EE24885BFB005776F4 /* APIClient.swift */; };
		425663F024885BFB005776F4 /* APIClient.swift in Sources */ = {isa = PBXBuildFile; fileRef = 425663EE24885BFB005776F4 /* APIClient.swift */; };
		425663F224885C2E005776F4 /* Endpoint.swift in Sources */ = {isa = PBXBuildFile; fileRef = 425663F124885C2E005776F4 /* Endpoint.swift */; };
		425663F324885C2E005776F4 /* Endpoint.swift in Sources */ = {isa = PBXBuildFile; fileRef = 425663F124885C2E005776F4 /* Endpoint.swift */; };
		425663F524885CAE005776F4 /* MoviesListInteractor.swift in Sources */ = {isa = PBXBuildFile; fileRef = 425663F424885CAE005776F4 /* MoviesListInteractor.swift */; };
		425663F624885CAE005776F4 /* MoviesListInteractor.swift in Sources */ = {isa = PBXBuildFile; fileRef = 425663F424885CAE005776F4 /* MoviesListInteractor.swift */; };
		425663F824885CBD005776F4 /* MoviesListPresenter.swift in Sources */ = {isa = PBXBuildFile; fileRef = 425663F724885CBD005776F4 /* MoviesListPresenter.swift */; };
		425663F924885CBD005776F4 /* MoviesListPresenter.swift in Sources */ = {isa = PBXBuildFile; fileRef = 425663F724885CBD005776F4 /* MoviesListPresenter.swift */; };
		425663FB2488694C005776F4 /* MoviesListModels.swift in Sources */ = {isa = PBXBuildFile; fileRef = 425663FA2488694C005776F4 /* MoviesListModels.swift */; };
		425663FC2488694C005776F4 /* MoviesListModels.swift in Sources */ = {isa = PBXBuildFile; fileRef = 425663FA2488694C005776F4 /* MoviesListModels.swift */; };
		4256640124891575005776F4 /* MoviesListWorker.swift in Sources */ = {isa = PBXBuildFile; fileRef = 4256640024891575005776F4 /* MoviesListWorker.swift */; };
		4256640224891575005776F4 /* MoviesListWorker.swift in Sources */ = {isa = PBXBuildFile; fileRef = 4256640024891575005776F4 /* MoviesListWorker.swift */; };
		42566404248933A0005776F4 /* MovieDBProtocol.swift in Sources */ = {isa = PBXBuildFile; fileRef = 42566403248933A0005776F4 /* MovieDBProtocol.swift */; };
		42566405248933A0005776F4 /* MovieDBProtocol.swift in Sources */ = {isa = PBXBuildFile; fileRef = 42566403248933A0005776F4 /* MovieDBProtocol.swift */; };
		425D955F2499492300359DDB /* FavoritesViewController.swift in Sources */ = {isa = PBXBuildFile; fileRef = 425D955E2499492300359DDB /* FavoritesViewController.swift */; };
		425D95612499493700359DDB /* FavoritesInteractor.swift in Sources */ = {isa = PBXBuildFile; fileRef = 425D95602499493700359DDB /* FavoritesInteractor.swift */; };
		425D95632499494300359DDB /* FavoritesPresenter.swift in Sources */ = {isa = PBXBuildFile; fileRef = 425D95622499494300359DDB /* FavoritesPresenter.swift */; };
		425D95652499495700359DDB /* FavoritesModels.swift in Sources */ = {isa = PBXBuildFile; fileRef = 425D95642499495700359DDB /* FavoritesModels.swift */; };
		425D95672499497B00359DDB /* FavoritesWorker.swift in Sources */ = {isa = PBXBuildFile; fileRef = 425D95662499497B00359DDB /* FavoritesWorker.swift */; };
		425F932824854AF40011D837 /* AppDelegate.swift in Sources */ = {isa = PBXBuildFile; fileRef = 425F932724854AF40011D837 /* AppDelegate.swift */; };
		425F932A24854AF40011D837 /* SceneDelegate.swift in Sources */ = {isa = PBXBuildFile; fileRef = 425F932924854AF40011D837 /* SceneDelegate.swift */; };
		425F933124854AF60011D837 /* Assets.xcassets in Resources */ = {isa = PBXBuildFile; fileRef = 425F933024854AF60011D837 /* Assets.xcassets */; };
		425F933424854AF60011D837 /* LaunchScreen.storyboard in Resources */ = {isa = PBXBuildFile; fileRef = 425F933224854AF60011D837 /* LaunchScreen.storyboard */; };
		425F933F24854AF60011D837 /* TheMovieDbAppTests.swift in Sources */ = {isa = PBXBuildFile; fileRef = 425F933E24854AF60011D837 /* TheMovieDbAppTests.swift */; };
		425F934C248575900011D837 /* MoviesListViewController.swift in Sources */ = {isa = PBXBuildFile; fileRef = 425F934B248575900011D837 /* MoviesListViewController.swift */; };
		425F934D248575900011D837 /* MoviesListViewController.swift in Sources */ = {isa = PBXBuildFile; fileRef = 425F934B248575900011D837 /* MoviesListViewController.swift */; };
		425F93502485885E0011D837 /* CodeView.swift in Sources */ = {isa = PBXBuildFile; fileRef = 425F934F2485885E0011D837 /* CodeView.swift */; };
		425F93512485885E0011D837 /* CodeView.swift in Sources */ = {isa = PBXBuildFile; fileRef = 425F934F2485885E0011D837 /* CodeView.swift */; };
		425F935824858B650011D837 /* ListMovieView.swift in Sources */ = {isa = PBXBuildFile; fileRef = 425F935724858B650011D837 /* ListMovieView.swift */; };
		425F935924858B650011D837 /* ListMovieView.swift in Sources */ = {isa = PBXBuildFile; fileRef = 425F935724858B650011D837 /* ListMovieView.swift */; };
		425F935F248591AC0011D837 /* MovieCell.swift in Sources */ = {isa = PBXBuildFile; fileRef = 425F935E248591AC0011D837 /* MovieCell.swift */; };
		425F9360248591AC0011D837 /* MovieCell.swift in Sources */ = {isa = PBXBuildFile; fileRef = 425F935E248591AC0011D837 /* MovieCell.swift */; };
		425F9363248592190011D837 /* Movie.swift in Sources */ = {isa = PBXBuildFile; fileRef = 425F9362248592190011D837 /* Movie.swift */; };
		425F9364248592190011D837 /* Movie.swift in Sources */ = {isa = PBXBuildFile; fileRef = 425F9362248592190011D837 /* Movie.swift */; };
		425F93662486CD2C0011D837 /* MoviesListDataSource.swift in Sources */ = {isa = PBXBuildFile; fileRef = 425F93652486CD2C0011D837 /* MoviesListDataSource.swift */; };
		425F93672486CD2C0011D837 /* MoviesListDataSource.swift in Sources */ = {isa = PBXBuildFile; fileRef = 425F93652486CD2C0011D837 /* MoviesListDataSource.swift */; };
		5ED7E6D8F31A15395B688ECE /* Pods_TheMovieDbApp_TheMovieDbAppTests.framework in Frameworks */ = {isa = PBXBuildFile; fileRef = 01F67211D5E3461BA6943C7A /* Pods_TheMovieDbApp_TheMovieDbAppTests.framework */; };
/* End PBXBuildFile section */

/* Begin PBXContainerItemProxy section */
		425F933B24854AF60011D837 /* PBXContainerItemProxy */ = {
			isa = PBXContainerItemProxy;
			containerPortal = 425F931C24854AF40011D837 /* Project object */;
			proxyType = 1;
			remoteGlobalIDString = 425F932324854AF40011D837;
			remoteInfo = TheMovieDbApp;
		};
/* End PBXContainerItemProxy section */

/* Begin PBXFileReference section */
		01F67211D5E3461BA6943C7A /* Pods_TheMovieDbApp_TheMovieDbAppTests.framework */ = {isa = PBXFileReference; explicitFileType = wrapper.framework; includeInIndex = 0; path = Pods_TheMovieDbApp_TheMovieDbAppTests.framework; sourceTree = BUILT_PRODUCTS_DIR; };
		0F994708F0DF11B3C395698E /* Pods-TheMovieDbApp-TheMovieDbAppTests.release.xcconfig */ = {isa = PBXFileReference; includeInIndex = 1; lastKnownFileType = text.xcconfig; name = "Pods-TheMovieDbApp-TheMovieDbAppTests.release.xcconfig"; path = "Target Support Files/Pods-TheMovieDbApp-TheMovieDbAppTests/Pods-TheMovieDbApp-TheMovieDbAppTests.release.xcconfig"; sourceTree = "<group>"; };
		4240366B248EAAB700F77608 /* MovieDetailsViewController.swift */ = {isa = PBXFileReference; lastKnownFileType = sourcecode.swift; path = MovieDetailsViewController.swift; sourceTree = "<group>"; };
		4240366D248EAACB00F77608 /* MovieDetailsInteractor.swift */ = {isa = PBXFileReference; lastKnownFileType = sourcecode.swift; path = MovieDetailsInteractor.swift; sourceTree = "<group>"; };
		4240366F248EAADD00F77608 /* MovieDetailsPresenter.swift */ = {isa = PBXFileReference; lastKnownFileType = sourcecode.swift; path = MovieDetailsPresenter.swift; sourceTree = "<group>"; };
		42403674248EAB7700F77608 /* MovieDetailsmodels.swift */ = {isa = PBXFileReference; lastKnownFileType = sourcecode.swift; path = MovieDetailsmodels.swift; sourceTree = "<group>"; };
		42403676248EAC8200F77608 /* MovieDetailsView.swift */ = {isa = PBXFileReference; lastKnownFileType = sourcecode.swift; path = MovieDetailsView.swift; sourceTree = "<group>"; };
		424A319D2489911900504A30 /* APIError.swift */ = {isa = PBXFileReference; lastKnownFileType = sourcecode.swift; path = APIError.swift; sourceTree = "<group>"; };
		425663DD248813B4005776F4 /* MoviesListSearchProtocol.swift */ = {isa = PBXFileReference; lastKnownFileType = sourcecode.swift; path = MoviesListSearchProtocol.swift; sourceTree = "<group>"; };
		425663E824885BB0005776F4 /* MovieDBResult.swift */ = {isa = PBXFileReference; lastKnownFileType = sourcecode.swift; path = MovieDBResult.swift; sourceTree = "<group>"; };
		425663EE24885BFB005776F4 /* APIClient.swift */ = {isa = PBXFileReference; lastKnownFileType = sourcecode.swift; path = APIClient.swift; sourceTree = "<group>"; };
		425663F124885C2E005776F4 /* Endpoint.swift */ = {isa = PBXFileReference; lastKnownFileType = sourcecode.swift; path = Endpoint.swift; sourceTree = "<group>"; };
		425663F424885CAE005776F4 /* MoviesListInteractor.swift */ = {isa = PBXFileReference; lastKnownFileType = sourcecode.swift; path = MoviesListInteractor.swift; sourceTree = "<group>"; };
		425663F724885CBD005776F4 /* MoviesListPresenter.swift */ = {isa = PBXFileReference; lastKnownFileType = sourcecode.swift; path = MoviesListPresenter.swift; sourceTree = "<group>"; };
		425663FA2488694C005776F4 /* MoviesListModels.swift */ = {isa = PBXFileReference; lastKnownFileType = sourcecode.swift; path = MoviesListModels.swift; sourceTree = "<group>"; };
		4256640024891575005776F4 /* MoviesListWorker.swift */ = {isa = PBXFileReference; lastKnownFileType = sourcecode.swift; path = MoviesListWorker.swift; sourceTree = "<group>"; };
		42566403248933A0005776F4 /* MovieDBProtocol.swift */ = {isa = PBXFileReference; lastKnownFileType = sourcecode.swift; path = MovieDBProtocol.swift; sourceTree = "<group>"; };
		425D955E2499492300359DDB /* FavoritesViewController.swift */ = {isa = PBXFileReference; lastKnownFileType = sourcecode.swift; path = FavoritesViewController.swift; sourceTree = "<group>"; };
		425D95602499493700359DDB /* FavoritesInteractor.swift */ = {isa = PBXFileReference; lastKnownFileType = sourcecode.swift; path = FavoritesInteractor.swift; sourceTree = "<group>"; };
		425D95622499494300359DDB /* FavoritesPresenter.swift */ = {isa = PBXFileReference; lastKnownFileType = sourcecode.swift; path = FavoritesPresenter.swift; sourceTree = "<group>"; };
		425D95642499495700359DDB /* FavoritesModels.swift */ = {isa = PBXFileReference; lastKnownFileType = sourcecode.swift; path = FavoritesModels.swift; sourceTree = "<group>"; };
		425D95662499497B00359DDB /* FavoritesWorker.swift */ = {isa = PBXFileReference; lastKnownFileType = sourcecode.swift; path = FavoritesWorker.swift; sourceTree = "<group>"; };
		425F932424854AF40011D837 /* TheMovieDbApp.app */ = {isa = PBXFileReference; explicitFileType = wrapper.application; includeInIndex = 0; path = TheMovieDbApp.app; sourceTree = BUILT_PRODUCTS_DIR; };
		425F932724854AF40011D837 /* AppDelegate.swift */ = {isa = PBXFileReference; lastKnownFileType = sourcecode.swift; path = AppDelegate.swift; sourceTree = "<group>"; };
		425F932924854AF40011D837 /* SceneDelegate.swift */ = {isa = PBXFileReference; lastKnownFileType = sourcecode.swift; path = SceneDelegate.swift; sourceTree = "<group>"; };
		425F933024854AF60011D837 /* Assets.xcassets */ = {isa = PBXFileReference; lastKnownFileType = folder.assetcatalog; path = Assets.xcassets; sourceTree = "<group>"; };
		425F933324854AF60011D837 /* Base */ = {isa = PBXFileReference; lastKnownFileType = file.storyboard; name = Base; path = Base.lproj/LaunchScreen.storyboard; sourceTree = "<group>"; };
		425F933524854AF60011D837 /* Info.plist */ = {isa = PBXFileReference; lastKnownFileType = text.plist.xml; path = Info.plist; sourceTree = "<group>"; };
		425F933A24854AF60011D837 /* TheMovieDbAppTests.xctest */ = {isa = PBXFileReference; explicitFileType = wrapper.cfbundle; includeInIndex = 0; path = TheMovieDbAppTests.xctest; sourceTree = BUILT_PRODUCTS_DIR; };
		425F933E24854AF60011D837 /* TheMovieDbAppTests.swift */ = {isa = PBXFileReference; lastKnownFileType = sourcecode.swift; path = TheMovieDbAppTests.swift; sourceTree = "<group>"; };
		425F934024854AF60011D837 /* Info.plist */ = {isa = PBXFileReference; lastKnownFileType = text.plist.xml; path = Info.plist; sourceTree = "<group>"; };
		425F934B248575900011D837 /* MoviesListViewController.swift */ = {isa = PBXFileReference; lastKnownFileType = sourcecode.swift; path = MoviesListViewController.swift; sourceTree = "<group>"; };
		425F934F2485885E0011D837 /* CodeView.swift */ = {isa = PBXFileReference; lastKnownFileType = sourcecode.swift; path = CodeView.swift; sourceTree = "<group>"; };
		425F935724858B650011D837 /* ListMovieView.swift */ = {isa = PBXFileReference; lastKnownFileType = sourcecode.swift; path = ListMovieView.swift; sourceTree = "<group>"; };
		425F935E248591AC0011D837 /* MovieCell.swift */ = {isa = PBXFileReference; lastKnownFileType = sourcecode.swift; path = MovieCell.swift; sourceTree = "<group>"; };
		425F9362248592190011D837 /* Movie.swift */ = {isa = PBXFileReference; lastKnownFileType = sourcecode.swift; path = Movie.swift; sourceTree = "<group>"; };
		425F93652486CD2C0011D837 /* MoviesListDataSource.swift */ = {isa = PBXFileReference; lastKnownFileType = sourcecode.swift; path = MoviesListDataSource.swift; sourceTree = "<group>"; };
		AF577304585A6AEC77E3EE06 /* Pods-TheMovieDbApp.release.xcconfig */ = {isa = PBXFileReference; includeInIndex = 1; lastKnownFileType = text.xcconfig; name = "Pods-TheMovieDbApp.release.xcconfig"; path = "Target Support Files/Pods-TheMovieDbApp/Pods-TheMovieDbApp.release.xcconfig"; sourceTree = "<group>"; };
		C6C5B61D2FDD1DD30E8BF311 /* Pods-TheMovieDbApp-TheMovieDbAppTests.debug.xcconfig */ = {isa = PBXFileReference; includeInIndex = 1; lastKnownFileType = text.xcconfig; name = "Pods-TheMovieDbApp-TheMovieDbAppTests.debug.xcconfig"; path = "Target Support Files/Pods-TheMovieDbApp-TheMovieDbAppTests/Pods-TheMovieDbApp-TheMovieDbAppTests.debug.xcconfig"; sourceTree = "<group>"; };
		CE978DB5234398622CDE6C1D /* Pods_TheMovieDbApp.framework */ = {isa = PBXFileReference; explicitFileType = wrapper.framework; includeInIndex = 0; path = Pods_TheMovieDbApp.framework; sourceTree = BUILT_PRODUCTS_DIR; };
		F7D07DE4CB21490EDF4AA235 /* Pods-TheMovieDbApp.debug.xcconfig */ = {isa = PBXFileReference; includeInIndex = 1; lastKnownFileType = text.xcconfig; name = "Pods-TheMovieDbApp.debug.xcconfig"; path = "Target Support Files/Pods-TheMovieDbApp/Pods-TheMovieDbApp.debug.xcconfig"; sourceTree = "<group>"; };
/* End PBXFileReference section */

/* Begin PBXFrameworksBuildPhase section */
		425F932124854AF40011D837 /* Frameworks */ = {
			isa = PBXFrameworksBuildPhase;
			buildActionMask = 2147483647;
			files = (
				2E67EC16859FB78AF5413D5D /* Pods_TheMovieDbApp.framework in Frameworks */,
			);
			runOnlyForDeploymentPostprocessing = 0;
		};
		425F933724854AF60011D837 /* Frameworks */ = {
			isa = PBXFrameworksBuildPhase;
			buildActionMask = 2147483647;
			files = (
				5ED7E6D8F31A15395B688ECE /* Pods_TheMovieDbApp_TheMovieDbAppTests.framework in Frameworks */,
			);
			runOnlyForDeploymentPostprocessing = 0;
		};
/* End PBXFrameworksBuildPhase section */

/* Begin PBXGroup section */
		3817B858AEE1EBA0FCA251EF /* Frameworks */ = {
			isa = PBXGroup;
			children = (
				CE978DB5234398622CDE6C1D /* Pods_TheMovieDbApp.framework */,
				01F67211D5E3461BA6943C7A /* Pods_TheMovieDbApp_TheMovieDbAppTests.framework */,
			);
			name = Frameworks;
			sourceTree = "<group>";
		};
		4240366A248EAA8A00F77608 /* MovieDetails */ = {
			isa = PBXGroup;
			children = (
				4240366B248EAAB700F77608 /* MovieDetailsViewController.swift */,
				4240366D248EAACB00F77608 /* MovieDetailsInteractor.swift */,
				4240366F248EAADD00F77608 /* MovieDetailsPresenter.swift */,
				42403674248EAB7700F77608 /* MovieDetailsmodels.swift */,
			);
			path = MovieDetails;
			sourceTree = "<group>";
		};
		424A319C2489910200504A30 /* Error */ = {
			isa = PBXGroup;
			children = (
				424A319D2489911900504A30 /* APIError.swift */,
			);
			path = Error;
			sourceTree = "<group>";
		};
		425663E0248820D3005776F4 /* Workers */ = {
			isa = PBXGroup;
			children = (
				4256640024891575005776F4 /* MoviesListWorker.swift */,
				425D95662499497B00359DDB /* FavoritesWorker.swift */,
			);
			path = Workers;
			sourceTree = "<group>";
		};
		425663E124885B48005776F4 /* Network */ = {
			isa = PBXGroup;
			children = (
				424A319C2489910200504A30 /* Error */,
				425663E824885BB0005776F4 /* MovieDBResult.swift */,
				425663F124885C2E005776F4 /* Endpoint.swift */,
				425663EE24885BFB005776F4 /* APIClient.swift */,
				42566403248933A0005776F4 /* MovieDBProtocol.swift */,
			);
			path = Network;
			sourceTree = "<group>";
		};
		425D955D249948F200359DDB /* Favorites */ = {
			isa = PBXGroup;
			children = (
				425D955E2499492300359DDB /* FavoritesViewController.swift */,
				425D95602499493700359DDB /* FavoritesInteractor.swift */,
				425D95622499494300359DDB /* FavoritesPresenter.swift */,
				425D95642499495700359DDB /* FavoritesModels.swift */,
			);
			path = Favorites;
			sourceTree = "<group>";
		};
		425F931B24854AF40011D837 = {
			isa = PBXGroup;
			children = (
				425F932624854AF40011D837 /* TheMovieDbApp */,
				425F933D24854AF60011D837 /* TheMovieDbAppTests */,
				425F932524854AF40011D837 /* Products */,
				88FFB7D5896F10EBE45EBB95 /* Pods */,
				3817B858AEE1EBA0FCA251EF /* Frameworks */,
			);
			sourceTree = "<group>";
		};
		425F932524854AF40011D837 /* Products */ = {
			isa = PBXGroup;
			children = (
				425F932424854AF40011D837 /* TheMovieDbApp.app */,
				425F933A24854AF60011D837 /* TheMovieDbAppTests.xctest */,
			);
			name = Products;
			sourceTree = "<group>";
		};
		425F932624854AF40011D837 /* TheMovieDbApp */ = {
			isa = PBXGroup;
			children = (
				425663E0248820D3005776F4 /* Workers */,
				425F935224858AFD0011D837 /* Shared */,
				425F9349248575170011D837 /* Scenes */,
				425F932724854AF40011D837 /* AppDelegate.swift */,
				425F932924854AF40011D837 /* SceneDelegate.swift */,
				425F933024854AF60011D837 /* Assets.xcassets */,
				425F933224854AF60011D837 /* LaunchScreen.storyboard */,
				425F933524854AF60011D837 /* Info.plist */,
			);
			path = TheMovieDbApp;
			sourceTree = "<group>";
		};
		425F933D24854AF60011D837 /* TheMovieDbAppTests */ = {
			isa = PBXGroup;
			children = (
				425F933E24854AF60011D837 /* TheMovieDbAppTests.swift */,
				425F934024854AF60011D837 /* Info.plist */,
			);
			path = TheMovieDbAppTests;
			sourceTree = "<group>";
		};
		425F9349248575170011D837 /* Scenes */ = {
			isa = PBXGroup;
			children = (
				425D955D249948F200359DDB /* Favorites */,
				4240366A248EAA8A00F77608 /* MovieDetails */,
				425F934A2485756C0011D837 /* MoviesList */,
				425F935324858B180011D837 /* Views */,
			);
			path = Scenes;
			sourceTree = "<group>";
		};
		425F934A2485756C0011D837 /* MoviesList */ = {
			isa = PBXGroup;
			children = (
				425F934B248575900011D837 /* MoviesListViewController.swift */,
				425663F424885CAE005776F4 /* MoviesListInteractor.swift */,
				425663F724885CBD005776F4 /* MoviesListPresenter.swift */,
				425663FA2488694C005776F4 /* MoviesListModels.swift */,
				425F93652486CD2C0011D837 /* MoviesListDataSource.swift */,
			);
			path = MoviesList;
			sourceTree = "<group>";
		};
		425F934E248588460011D837 /* Protocol */ = {
			isa = PBXGroup;
			children = (
				425F934F2485885E0011D837 /* CodeView.swift */,
				425663DD248813B4005776F4 /* MoviesListSearchProtocol.swift */,
			);
			path = Protocol;
			sourceTree = "<group>";
		};
		425F935224858AFD0011D837 /* Shared */ = {
			isa = PBXGroup;
			children = (
				425663E124885B48005776F4 /* Network */,
				425F934E248588460011D837 /* Protocol */,
				425F9361248592040011D837 /* Models */,
			);
			path = Shared;
			sourceTree = "<group>";
		};
		425F935324858B180011D837 /* Views */ = {
			isa = PBXGroup;
			children = (
				425F935724858B650011D837 /* ListMovieView.swift */,
				425F935E248591AC0011D837 /* MovieCell.swift */,
				42403676248EAC8200F77608 /* MovieDetailsView.swift */,
			);
			path = Views;
			sourceTree = "<group>";
		};
		425F9361248592040011D837 /* Models */ = {
			isa = PBXGroup;
			children = (
				425F9362248592190011D837 /* Movie.swift */,
			);
			path = Models;
			sourceTree = "<group>";
		};
		88FFB7D5896F10EBE45EBB95 /* Pods */ = {
			isa = PBXGroup;
			children = (
				F7D07DE4CB21490EDF4AA235 /* Pods-TheMovieDbApp.debug.xcconfig */,
				AF577304585A6AEC77E3EE06 /* Pods-TheMovieDbApp.release.xcconfig */,
				C6C5B61D2FDD1DD30E8BF311 /* Pods-TheMovieDbApp-TheMovieDbAppTests.debug.xcconfig */,
				0F994708F0DF11B3C395698E /* Pods-TheMovieDbApp-TheMovieDbAppTests.release.xcconfig */,
			);
			path = Pods;
			sourceTree = "<group>";
		};
/* End PBXGroup section */

/* Begin PBXNativeTarget section */
		425F932324854AF40011D837 /* TheMovieDbApp */ = {
			isa = PBXNativeTarget;
			buildConfigurationList = 425F934324854AF60011D837 /* Build configuration list for PBXNativeTarget "TheMovieDbApp" */;
			buildPhases = (
				75765B044EA7DF2D7DAB9FA7 /* [CP] Check Pods Manifest.lock */,
				425F932024854AF40011D837 /* Sources */,
				425F932124854AF40011D837 /* Frameworks */,
				425F932224854AF40011D837 /* Resources */,
				09799BF75FADE8EAD1FCE435 /* [CP] Embed Pods Frameworks */,
			);
			buildRules = (
			);
			dependencies = (
			);
			name = TheMovieDbApp;
			productName = TheMovieDbApp;
			productReference = 425F932424854AF40011D837 /* TheMovieDbApp.app */;
			productType = "com.apple.product-type.application";
		};
		425F933924854AF60011D837 /* TheMovieDbAppTests */ = {
			isa = PBXNativeTarget;
			buildConfigurationList = 425F934624854AF60011D837 /* Build configuration list for PBXNativeTarget "TheMovieDbAppTests" */;
			buildPhases = (
				B9E3A31C54EC7120B22AF2DB /* [CP] Check Pods Manifest.lock */,
				425F933624854AF60011D837 /* Sources */,
				425F933724854AF60011D837 /* Frameworks */,
				425F933824854AF60011D837 /* Resources */,
				E0433B7640BD297375E5E5FE /* [CP] Embed Pods Frameworks */,
			);
			buildRules = (
			);
			dependencies = (
				425F933C24854AF60011D837 /* PBXTargetDependency */,
			);
			name = TheMovieDbAppTests;
			productName = TheMovieDbAppTests;
			productReference = 425F933A24854AF60011D837 /* TheMovieDbAppTests.xctest */;
			productType = "com.apple.product-type.bundle.unit-test";
		};
/* End PBXNativeTarget section */

/* Begin PBXProject section */
		425F931C24854AF40011D837 /* Project object */ = {
			isa = PBXProject;
			attributes = {
				LastSwiftUpdateCheck = 1120;
				LastUpgradeCheck = 1120;
				ORGANIZATIONNAME = Luizhcarminati;
				TargetAttributes = {
					425F932324854AF40011D837 = {
						CreatedOnToolsVersion = 11.2;
					};
					425F933924854AF60011D837 = {
						CreatedOnToolsVersion = 11.2;
						TestTargetID = 425F932324854AF40011D837;
					};
				};
			};
			buildConfigurationList = 425F931F24854AF40011D837 /* Build configuration list for PBXProject "TheMovieDbApp" */;
			compatibilityVersion = "Xcode 9.3";
			developmentRegion = en;
			hasScannedForEncodings = 0;
			knownRegions = (
				en,
				Base,
			);
			mainGroup = 425F931B24854AF40011D837;
			productRefGroup = 425F932524854AF40011D837 /* Products */;
			projectDirPath = "";
			projectRoot = "";
			targets = (
				425F932324854AF40011D837 /* TheMovieDbApp */,
				425F933924854AF60011D837 /* TheMovieDbAppTests */,
			);
		};
/* End PBXProject section */

/* Begin PBXResourcesBuildPhase section */
		425F932224854AF40011D837 /* Resources */ = {
			isa = PBXResourcesBuildPhase;
			buildActionMask = 2147483647;
			files = (
				425F933424854AF60011D837 /* LaunchScreen.storyboard in Resources */,
				425F933124854AF60011D837 /* Assets.xcassets in Resources */,
			);
			runOnlyForDeploymentPostprocessing = 0;
		};
		425F933824854AF60011D837 /* Resources */ = {
			isa = PBXResourcesBuildPhase;
			buildActionMask = 2147483647;
			files = (
			);
			runOnlyForDeploymentPostprocessing = 0;
		};
/* End PBXResourcesBuildPhase section */

/* Begin PBXShellScriptBuildPhase section */
		09799BF75FADE8EAD1FCE435 /* [CP] Embed Pods Frameworks */ = {
			isa = PBXShellScriptBuildPhase;
			buildActionMask = 2147483647;
			files = (
			);
			inputFileListPaths = (
				"${PODS_ROOT}/Target Support Files/Pods-TheMovieDbApp/Pods-TheMovieDbApp-frameworks-${CONFIGURATION}-input-files.xcfilelist",
			);
			name = "[CP] Embed Pods Frameworks";
			outputFileListPaths = (
				"${PODS_ROOT}/Target Support Files/Pods-TheMovieDbApp/Pods-TheMovieDbApp-frameworks-${CONFIGURATION}-output-files.xcfilelist",
			);
			runOnlyForDeploymentPostprocessing = 0;
			shellPath = /bin/sh;
			shellScript = "\"${PODS_ROOT}/Target Support Files/Pods-TheMovieDbApp/Pods-TheMovieDbApp-frameworks.sh\"\n";
			showEnvVarsInLog = 0;
		};
		75765B044EA7DF2D7DAB9FA7 /* [CP] Check Pods Manifest.lock */ = {
			isa = PBXShellScriptBuildPhase;
			buildActionMask = 2147483647;
			files = (
			);
			inputFileListPaths = (
			);
			inputPaths = (
				"${PODS_PODFILE_DIR_PATH}/Podfile.lock",
				"${PODS_ROOT}/Manifest.lock",
			);
			name = "[CP] Check Pods Manifest.lock";
			outputFileListPaths = (
			);
			outputPaths = (
				"$(DERIVED_FILE_DIR)/Pods-TheMovieDbApp-checkManifestLockResult.txt",
			);
			runOnlyForDeploymentPostprocessing = 0;
			shellPath = /bin/sh;
			shellScript = "diff \"${PODS_PODFILE_DIR_PATH}/Podfile.lock\" \"${PODS_ROOT}/Manifest.lock\" > /dev/null\nif [ $? != 0 ] ; then\n    # print error to STDERR\n    echo \"error: The sandbox is not in sync with the Podfile.lock. Run 'pod install' or update your CocoaPods installation.\" >&2\n    exit 1\nfi\n# This output is used by Xcode 'outputs' to avoid re-running this script phase.\necho \"SUCCESS\" > \"${SCRIPT_OUTPUT_FILE_0}\"\n";
			showEnvVarsInLog = 0;
		};
		B9E3A31C54EC7120B22AF2DB /* [CP] Check Pods Manifest.lock */ = {
			isa = PBXShellScriptBuildPhase;
			buildActionMask = 2147483647;
			files = (
			);
			inputFileListPaths = (
			);
			inputPaths = (
				"${PODS_PODFILE_DIR_PATH}/Podfile.lock",
				"${PODS_ROOT}/Manifest.lock",
			);
			name = "[CP] Check Pods Manifest.lock";
			outputFileListPaths = (
			);
			outputPaths = (
				"$(DERIVED_FILE_DIR)/Pods-TheMovieDbApp-TheMovieDbAppTests-checkManifestLockResult.txt",
			);
			runOnlyForDeploymentPostprocessing = 0;
			shellPath = /bin/sh;
			shellScript = "diff \"${PODS_PODFILE_DIR_PATH}/Podfile.lock\" \"${PODS_ROOT}/Manifest.lock\" > /dev/null\nif [ $? != 0 ] ; then\n    # print error to STDERR\n    echo \"error: The sandbox is not in sync with the Podfile.lock. Run 'pod install' or update your CocoaPods installation.\" >&2\n    exit 1\nfi\n# This output is used by Xcode 'outputs' to avoid re-running this script phase.\necho \"SUCCESS\" > \"${SCRIPT_OUTPUT_FILE_0}\"\n";
			showEnvVarsInLog = 0;
		};
		E0433B7640BD297375E5E5FE /* [CP] Embed Pods Frameworks */ = {
			isa = PBXShellScriptBuildPhase;
			buildActionMask = 2147483647;
			files = (
			);
			inputFileListPaths = (
				"${PODS_ROOT}/Target Support Files/Pods-TheMovieDbApp-TheMovieDbAppTests/Pods-TheMovieDbApp-TheMovieDbAppTests-frameworks-${CONFIGURATION}-input-files.xcfilelist",
			);
			name = "[CP] Embed Pods Frameworks";
			outputFileListPaths = (
				"${PODS_ROOT}/Target Support Files/Pods-TheMovieDbApp-TheMovieDbAppTests/Pods-TheMovieDbApp-TheMovieDbAppTests-frameworks-${CONFIGURATION}-output-files.xcfilelist",
			);
			runOnlyForDeploymentPostprocessing = 0;
			shellPath = /bin/sh;
			shellScript = "\"${PODS_ROOT}/Target Support Files/Pods-TheMovieDbApp-TheMovieDbAppTests/Pods-TheMovieDbApp-TheMovieDbAppTests-frameworks.sh\"\n";
			showEnvVarsInLog = 0;
		};
/* End PBXShellScriptBuildPhase section */

/* Begin PBXSourcesBuildPhase section */
		425F932024854AF40011D837 /* Sources */ = {
			isa = PBXSourcesBuildPhase;
			buildActionMask = 2147483647;
			files = (
				4240366C248EAAB700F77608 /* MovieDetailsViewController.swift in Sources */,
				425663F224885C2E005776F4 /* Endpoint.swift in Sources */,
				425D95632499494300359DDB /* FavoritesPresenter.swift in Sources */,
				425F9363248592190011D837 /* Movie.swift in Sources */,
				425F932824854AF40011D837 /* AppDelegate.swift in Sources */,
				42403677248EAC8200F77608 /* MovieDetailsView.swift in Sources */,
				425663FB2488694C005776F4 /* MoviesListModels.swift in Sources */,
				42403675248EAB7700F77608 /* MovieDetailsmodels.swift in Sources */,
				425F932A24854AF40011D837 /* SceneDelegate.swift in Sources */,
				425663F524885CAE005776F4 /* MoviesListInteractor.swift in Sources */,
				425F935F248591AC0011D837 /* MovieCell.swift in Sources */,
				425D95612499493700359DDB /* FavoritesInteractor.swift in Sources */,
				425D955F2499492300359DDB /* FavoritesViewController.swift in Sources */,
				425F93502485885E0011D837 /* CodeView.swift in Sources */,
				425F934C248575900011D837 /* MoviesListViewController.swift in Sources */,
				425F935824858B650011D837 /* ListMovieView.swift in Sources */,
				425663F824885CBD005776F4 /* MoviesListPresenter.swift in Sources */,
				424A319E2489911900504A30 /* APIError.swift in Sources */,
				425D95652499495700359DDB /* FavoritesModels.swift in Sources */,
				42566404248933A0005776F4 /* MovieDBProtocol.swift in Sources */,
				4240366E248EAACB00F77608 /* MovieDetailsInteractor.swift in Sources */,
				425D95672499497B00359DDB /* FavoritesWorker.swift in Sources */,
				425663EF24885BFB005776F4 /* APIClient.swift in Sources */,
				425F93662486CD2C0011D837 /* MoviesListDataSource.swift in Sources */,
				42403670248EAADD00F77608 /* MovieDetailsPresenter.swift in Sources */,
				425663DE248813B4005776F4 /* MoviesListSearchProtocol.swift in Sources */,
				4256640124891575005776F4 /* MoviesListWorker.swift in Sources */,
				425663E924885BB0005776F4 /* MovieDBResult.swift in Sources */,
			);
			runOnlyForDeploymentPostprocessing = 0;
		};
		425F933624854AF60011D837 /* Sources */ = {
			isa = PBXSourcesBuildPhase;
			buildActionMask = 2147483647;
			files = (
				425663EA24885BB0005776F4 /* MovieDBResult.swift in Sources */,
				4256640224891575005776F4 /* MoviesListWorker.swift in Sources */,
				425F93512485885E0011D837 /* CodeView.swift in Sources */,
				425F935924858B650011D837 /* ListMovieView.swift in Sources */,
				425663F924885CBD005776F4 /* MoviesListPresenter.swift in Sources */,
				425663F624885CAE005776F4 /* MoviesListInteractor.swift in Sources */,
				425663FC2488694C005776F4 /* MoviesListModels.swift in Sources */,
				425F9364248592190011D837 /* Movie.swift in Sources */,
				425F933F24854AF60011D837 /* TheMovieDbAppTests.swift in Sources */,
				425663F024885BFB005776F4 /* APIClient.swift in Sources */,
				425F9360248591AC0011D837 /* MovieCell.swift in Sources */,
				42566405248933A0005776F4 /* MovieDBProtocol.swift in Sources */,
				425F93672486CD2C0011D837 /* MoviesListDataSource.swift in Sources */,
				425663F324885C2E005776F4 /* Endpoint.swift in Sources */,
				425F934D248575900011D837 /* MoviesListViewController.swift in Sources */,
			);
			runOnlyForDeploymentPostprocessing = 0;
		};
/* End PBXSourcesBuildPhase section */

/* Begin PBXTargetDependency section */
		425F933C24854AF60011D837 /* PBXTargetDependency */ = {
			isa = PBXTargetDependency;
			target = 425F932324854AF40011D837 /* TheMovieDbApp */;
			targetProxy = 425F933B24854AF60011D837 /* PBXContainerItemProxy */;
		};
/* End PBXTargetDependency section */

/* Begin PBXVariantGroup section */
		425F933224854AF60011D837 /* LaunchScreen.storyboard */ = {
			isa = PBXVariantGroup;
			children = (
				425F933324854AF60011D837 /* Base */,
			);
			name = LaunchScreen.storyboard;
			sourceTree = "<group>";
		};
/* End PBXVariantGroup section */

/* Begin XCBuildConfiguration section */
		425F934124854AF60011D837 /* Debug */ = {
			isa = XCBuildConfiguration;
			buildSettings = {
				ALWAYS_SEARCH_USER_PATHS = NO;
				CLANG_ANALYZER_NONNULL = YES;
				CLANG_ANALYZER_NUMBER_OBJECT_CONVERSION = YES_AGGRESSIVE;
				CLANG_CXX_LANGUAGE_STANDARD = "gnu++14";
				CLANG_CXX_LIBRARY = "libc++";
				CLANG_ENABLE_MODULES = YES;
				CLANG_ENABLE_OBJC_ARC = YES;
				CLANG_ENABLE_OBJC_WEAK = YES;
				CLANG_WARN_BLOCK_CAPTURE_AUTORELEASING = YES;
				CLANG_WARN_BOOL_CONVERSION = YES;
				CLANG_WARN_COMMA = YES;
				CLANG_WARN_CONSTANT_CONVERSION = YES;
				CLANG_WARN_DEPRECATED_OBJC_IMPLEMENTATIONS = YES;
				CLANG_WARN_DIRECT_OBJC_ISA_USAGE = YES_ERROR;
				CLANG_WARN_DOCUMENTATION_COMMENTS = YES;
				CLANG_WARN_EMPTY_BODY = YES;
				CLANG_WARN_ENUM_CONVERSION = YES;
				CLANG_WARN_INFINITE_RECURSION = YES;
				CLANG_WARN_INT_CONVERSION = YES;
				CLANG_WARN_NON_LITERAL_NULL_CONVERSION = YES;
				CLANG_WARN_OBJC_IMPLICIT_RETAIN_SELF = YES;
				CLANG_WARN_OBJC_LITERAL_CONVERSION = YES;
				CLANG_WARN_OBJC_ROOT_CLASS = YES_ERROR;
				CLANG_WARN_RANGE_LOOP_ANALYSIS = YES;
				CLANG_WARN_STRICT_PROTOTYPES = YES;
				CLANG_WARN_SUSPICIOUS_MOVE = YES;
				CLANG_WARN_UNGUARDED_AVAILABILITY = YES_AGGRESSIVE;
				CLANG_WARN_UNREACHABLE_CODE = YES;
				CLANG_WARN__DUPLICATE_METHOD_MATCH = YES;
				COPY_PHASE_STRIP = NO;
				DEBUG_INFORMATION_FORMAT = dwarf;
				ENABLE_STRICT_OBJC_MSGSEND = YES;
				ENABLE_TESTABILITY = YES;
				GCC_C_LANGUAGE_STANDARD = gnu11;
				GCC_DYNAMIC_NO_PIC = NO;
				GCC_NO_COMMON_BLOCKS = YES;
				GCC_OPTIMIZATION_LEVEL = 0;
				GCC_PREPROCESSOR_DEFINITIONS = (
					"DEBUG=1",
					"$(inherited)",
				);
				GCC_WARN_64_TO_32_BIT_CONVERSION = YES;
				GCC_WARN_ABOUT_RETURN_TYPE = YES_ERROR;
				GCC_WARN_UNDECLARED_SELECTOR = YES;
				GCC_WARN_UNINITIALIZED_AUTOS = YES_AGGRESSIVE;
				GCC_WARN_UNUSED_FUNCTION = YES;
				GCC_WARN_UNUSED_VARIABLE = YES;
				IPHONEOS_DEPLOYMENT_TARGET = 13.2;
				MTL_ENABLE_DEBUG_INFO = INCLUDE_SOURCE;
				MTL_FAST_MATH = YES;
				ONLY_ACTIVE_ARCH = YES;
				SDKROOT = iphoneos;
				SWIFT_ACTIVE_COMPILATION_CONDITIONS = DEBUG;
				SWIFT_OPTIMIZATION_LEVEL = "-Onone";
			};
			name = Debug;
		};
		425F934224854AF60011D837 /* Release */ = {
			isa = XCBuildConfiguration;
			buildSettings = {
				ALWAYS_SEARCH_USER_PATHS = NO;
				CLANG_ANALYZER_NONNULL = YES;
				CLANG_ANALYZER_NUMBER_OBJECT_CONVERSION = YES_AGGRESSIVE;
				CLANG_CXX_LANGUAGE_STANDARD = "gnu++14";
				CLANG_CXX_LIBRARY = "libc++";
				CLANG_ENABLE_MODULES = YES;
				CLANG_ENABLE_OBJC_ARC = YES;
				CLANG_ENABLE_OBJC_WEAK = YES;
				CLANG_WARN_BLOCK_CAPTURE_AUTORELEASING = YES;
				CLANG_WARN_BOOL_CONVERSION = YES;
				CLANG_WARN_COMMA = YES;
				CLANG_WARN_CONSTANT_CONVERSION = YES;
				CLANG_WARN_DEPRECATED_OBJC_IMPLEMENTATIONS = YES;
				CLANG_WARN_DIRECT_OBJC_ISA_USAGE = YES_ERROR;
				CLANG_WARN_DOCUMENTATION_COMMENTS = YES;
				CLANG_WARN_EMPTY_BODY = YES;
				CLANG_WARN_ENUM_CONVERSION = YES;
				CLANG_WARN_INFINITE_RECURSION = YES;
				CLANG_WARN_INT_CONVERSION = YES;
				CLANG_WARN_NON_LITERAL_NULL_CONVERSION = YES;
				CLANG_WARN_OBJC_IMPLICIT_RETAIN_SELF = YES;
				CLANG_WARN_OBJC_LITERAL_CONVERSION = YES;
				CLANG_WARN_OBJC_ROOT_CLASS = YES_ERROR;
				CLANG_WARN_RANGE_LOOP_ANALYSIS = YES;
				CLANG_WARN_STRICT_PROTOTYPES = YES;
				CLANG_WARN_SUSPICIOUS_MOVE = YES;
				CLANG_WARN_UNGUARDED_AVAILABILITY = YES_AGGRESSIVE;
				CLANG_WARN_UNREACHABLE_CODE = YES;
				CLANG_WARN__DUPLICATE_METHOD_MATCH = YES;
				COPY_PHASE_STRIP = NO;
				DEBUG_INFORMATION_FORMAT = "dwarf-with-dsym";
				ENABLE_NS_ASSERTIONS = NO;
				ENABLE_STRICT_OBJC_MSGSEND = YES;
				GCC_C_LANGUAGE_STANDARD = gnu11;
				GCC_NO_COMMON_BLOCKS = YES;
				GCC_WARN_64_TO_32_BIT_CONVERSION = YES;
				GCC_WARN_ABOUT_RETURN_TYPE = YES_ERROR;
				GCC_WARN_UNDECLARED_SELECTOR = YES;
				GCC_WARN_UNINITIALIZED_AUTOS = YES_AGGRESSIVE;
				GCC_WARN_UNUSED_FUNCTION = YES;
				GCC_WARN_UNUSED_VARIABLE = YES;
				IPHONEOS_DEPLOYMENT_TARGET = 13.2;
				MTL_ENABLE_DEBUG_INFO = NO;
				MTL_FAST_MATH = YES;
				SDKROOT = iphoneos;
				SWIFT_COMPILATION_MODE = wholemodule;
				SWIFT_OPTIMIZATION_LEVEL = "-O";
				VALIDATE_PRODUCT = YES;
			};
			name = Release;
		};
		425F934424854AF60011D837 /* Debug */ = {
			isa = XCBuildConfiguration;
			baseConfigurationReference = F7D07DE4CB21490EDF4AA235 /* Pods-TheMovieDbApp.debug.xcconfig */;
			buildSettings = {
				ASSETCATALOG_COMPILER_APPICON_NAME = AppIcon;
				CODE_SIGN_STYLE = Automatic;
				DEVELOPMENT_TEAM = 58DN94AXR5;
				INFOPLIST_FILE = TheMovieDbApp/Info.plist;
				LD_RUNPATH_SEARCH_PATHS = (
					"$(inherited)",
					"@executable_path/Frameworks",
				);
				PRODUCT_BUNDLE_IDENTIFIER = br.com.TheMovieDbApp;
				PRODUCT_NAME = "$(TARGET_NAME)";
				SWIFT_VERSION = 5.0;
				TARGETED_DEVICE_FAMILY = "1,2";
			};
			name = Debug;
		};
		425F934524854AF60011D837 /* Release */ = {
			isa = XCBuildConfiguration;
			baseConfigurationReference = AF577304585A6AEC77E3EE06 /* Pods-TheMovieDbApp.release.xcconfig */;
			buildSettings = {
				ASSETCATALOG_COMPILER_APPICON_NAME = AppIcon;
				CODE_SIGN_STYLE = Automatic;
				DEVELOPMENT_TEAM = 58DN94AXR5;
				INFOPLIST_FILE = TheMovieDbApp/Info.plist;
				LD_RUNPATH_SEARCH_PATHS = (
					"$(inherited)",
					"@executable_path/Frameworks",
				);
				PRODUCT_BUNDLE_IDENTIFIER = br.com.TheMovieDbApp;
				PRODUCT_NAME = "$(TARGET_NAME)";
				SWIFT_VERSION = 5.0;
				TARGETED_DEVICE_FAMILY = "1,2";
			};
			name = Release;
		};
		425F934724854AF60011D837 /* Debug */ = {
			isa = XCBuildConfiguration;
			baseConfigurationReference = C6C5B61D2FDD1DD30E8BF311 /* Pods-TheMovieDbApp-TheMovieDbAppTests.debug.xcconfig */;
			buildSettings = {
				ALWAYS_EMBED_SWIFT_STANDARD_LIBRARIES = YES;
				BUNDLE_LOADER = "$(TEST_HOST)";
				CODE_SIGN_STYLE = Automatic;
				DEVELOPMENT_TEAM = 58DN94AXR5;
				INFOPLIST_FILE = TheMovieDbAppTests/Info.plist;
				IPHONEOS_DEPLOYMENT_TARGET = 13.2;
				LD_RUNPATH_SEARCH_PATHS = (
					"$(inherited)",
					"@executable_path/Frameworks",
					"@loader_path/Frameworks",
				);
				PRODUCT_BUNDLE_IDENTIFIER = br.com.zup.TheMovieDbAppTests;
				PRODUCT_NAME = "$(TARGET_NAME)";
				SWIFT_VERSION = 5.0;
				TARGETED_DEVICE_FAMILY = "1,2";
				TEST_HOST = "$(BUILT_PRODUCTS_DIR)/TheMovieDbApp.app/TheMovieDbApp";
			};
			name = Debug;
		};
		425F934824854AF60011D837 /* Release */ = {
			isa = XCBuildConfiguration;
			baseConfigurationReference = 0F994708F0DF11B3C395698E /* Pods-TheMovieDbApp-TheMovieDbAppTests.release.xcconfig */;
			buildSettings = {
				ALWAYS_EMBED_SWIFT_STANDARD_LIBRARIES = YES;
				BUNDLE_LOADER = "$(TEST_HOST)";
				CODE_SIGN_STYLE = Automatic;
				DEVELOPMENT_TEAM = 58DN94AXR5;
				INFOPLIST_FILE = TheMovieDbAppTests/Info.plist;
				IPHONEOS_DEPLOYMENT_TARGET = 13.2;
				LD_RUNPATH_SEARCH_PATHS = (
					"$(inherited)",
					"@executable_path/Frameworks",
					"@loader_path/Frameworks",
				);
				PRODUCT_BUNDLE_IDENTIFIER = br.com.zup.TheMovieDbAppTests;
				PRODUCT_NAME = "$(TARGET_NAME)";
				SWIFT_VERSION = 5.0;
				TARGETED_DEVICE_FAMILY = "1,2";
				TEST_HOST = "$(BUILT_PRODUCTS_DIR)/TheMovieDbApp.app/TheMovieDbApp";
			};
			name = Release;
		};
/* End XCBuildConfiguration section */

/* Begin XCConfigurationList section */
		425F931F24854AF40011D837 /* Build configuration list for PBXProject "TheMovieDbApp" */ = {
			isa = XCConfigurationList;
			buildConfigurations = (
				425F934124854AF60011D837 /* Debug */,
				425F934224854AF60011D837 /* Release */,
			);
			defaultConfigurationIsVisible = 0;
			defaultConfigurationName = Release;
		};
		425F934324854AF60011D837 /* Build configuration list for PBXNativeTarget "TheMovieDbApp" */ = {
			isa = XCConfigurationList;
			buildConfigurations = (
				425F934424854AF60011D837 /* Debug */,
				425F934524854AF60011D837 /* Release */,
			);
			defaultConfigurationIsVisible = 0;
			defaultConfigurationName = Release;
		};
		425F934624854AF60011D837 /* Build configuration list for PBXNativeTarget "TheMovieDbAppTests" */ = {
			isa = XCConfigurationList;
			buildConfigurations = (
				425F934724854AF60011D837 /* Debug */,
				425F934824854AF60011D837 /* Release */,
			);
			defaultConfigurationIsVisible = 0;
			defaultConfigurationName = Release;
		};
/* End XCConfigurationList section */
	};
	rootObject = 425F931C24854AF40011D837 /* Project object */;
}
